{
  "version": 4,
  "terraform_version": "0.15.1",
  "serial": 14,
  "lineage": "d7cea3cd-8bc6-cb56-4696-ed869ccd9818",
  "outputs": {},
  "resources": [
    {
      "mode": "managed",
      "type": "docker_image",
      "name": "nodered_image",
      "provider": "provider[\"registry.terraform.io/kreuzwerker/docker\"]",
      "instances": [
        {
          "schema_version": 0,
          "attributes": {
            "build": [],
            "force_remove": null,
            "id": "sha256:9a3da459f3cb7b95559410acb03cc0e5d9696e732f29fc180d6460f7ec0d7172nodered/node-red:latest",
            "keep_locally": null,
            "latest": "sha256:9a3da459f3cb7b95559410acb03cc0e5d9696e732f29fc180d6460f7ec0d7172",
            "name": "nodered/node-red:latest",
            "output": null,
            "pull_trigger": null,
            "pull_triggers": null
          },
          "sensitive_attributes": [],
          "private": "bnVsbA=="
        }
      ]
    }
  ]
}
